
Microsoft Visual Studio Solution File, Format Version 12.00
# Visual Studio Version 16
VisualStudioVersion = 16.0.28922.388
MinimumVisualStudioVersion = 10.0.40219.1
Project("{FAE04EC0-301F-11D3-BF4B-00C04F79EFBC}") = "SeleniumTest", "SeleniumTest\SeleniumTest.csproj", "{EE456141-5941-466A-B6BD-A4577A31D64F}"
EndProject
Project("{9A19103F-16F7-4668-BE54-9A1E7A4F7556}") = "NUnitTest", "NUnitTest\NUnitTest.csproj", "{5425CDFD-FCB4-4387-9905-10919FA3AFED}"
EndProject
Global
	GlobalSection(SolutionConfigurationPlatforms) = preSolution
		Debug|Any CPU = Debug|Any CPU
		Release|Any CPU = Release|Any CPU
	EndGlobalSection
	GlobalSection(ProjectConfigurationPlatforms) = postSolution
		{EE456141-5941-466A-B6BD-A4577A31D64F}.Debug|Any CPU.ActiveCfg = Debug|Any CPU
		{EE456141-5941-466A-B6BD-A4577A31D64F}.Debug|Any CPU.Build.0 = Debug|Any CPU
		{EE456141-5941-466A-B6BD-A4577A31D64F}.Release|Any CPU.ActiveCfg = Release|Any CPU
		{EE456141-5941-466A-B6BD-A4577A31D64F}.Release|Any CPU.Build.0 = Release|Any CPU
		{5425CDFD-FCB4-4387-9905-10919FA3AFED}.Debug|Any CPU.ActiveCfg = Debug|Any CPU
		{5425CDFD-FCB4-4387-9905-10919FA3AFED}.Debug|Any CPU.Build.0 = Debug|Any CPU
		{5425CDFD-FCB4-4387-9905-10919FA3AFED}.Release|Any CPU.ActiveCfg = Release|Any CPU
		{5425CDFD-FCB4-4387-9905-10919FA3AFED}.Release|Any CPU.Build.0 = Release|Any CPU
	EndGlobalSection
	GlobalSection(SolutionProperties) = preSolution
		HideSolutionNode = FALSE
	EndGlobalSection
	GlobalSection(ExtensibilityGlobals) = postSolution
		SolutionGuid = {5C43FEE8-2A68-4DF4-9F06-19982C1D4C7C}
	EndGlobalSection
EndGlobal
